github.com/cpuguy83/go-md2man/v2 v2.0.1 h1:r/myEWzV9lfsM1tFLgDyu0atFtJ1fXn261LKYj/3DxU=
github.com/cpuguy83/go-md2man/v2 v2.0.1/go.mod h1:tgQtvFlXSQOSOSIRvRPT7W67SCa46tRHOmNcaadrF8o=
github.com/fxamacker/cbor/v2 v2.4.0 h1:ri0ArlOR+5XunOP8CRUowT0pSJOwhW098ZCUyskZD88=
github.com/fxamacker/cbor/v2 v2.4.0/go.mod h1:TA1xS00nchWmaBnEIxPSE5oHLuJBAVvqrtAnWBwBCVo=
github.com/notaryproject/notation-go v0.8.0-alpha.1 h1:YbrmzZiEdK2/XSqwkT0/qvACiJGy7AXSaMbzbQc2RmI=
github.com/notaryproject/notation-go v0.8.0-alpha.1/go.mod h1:B/JbgikwvLoD9gFeWYhFtxIEozRoFAs9q31mj3vz1i4=
github.com/opencontainers/go-digest v1.0.0 h1:apOUWs51W5PlhuyGyz9FCeeBIOUDA/6nW8Oi/yOhh5U=
github.com/opencontainers/go-digest v1.0.0/go.mod h1:0JzlMkj0TRzQZfJkVvzbP0HBR3IKzErnv2BNG4W4MAM=
github.com/oras-project/artifacts-spec v1.0.0-rc.1 h1:bCHf9mPbrgiNwQFyVzBX79BYZVAl0OUrmvICZOCOwts=
github.com/oras-project/artifacts-spec v1.0.0-rc.1/go.mod h1:Xch2aLzSwtkhbFFN6LUzTfLtukYvMMdXJ4oZ8O7BOdc=
github.com/russross/blackfriday/v2 v2.1.0 h1:JIOH55/0cWyOuilr9/qlrm0BSXldqnqwMsf35Ld67mk=
github.com/russross/blackfriday/v2 v2.1.0/go.mod h1:+Rmxgy9KzJVeS9/2gXHxylqXiyQDYRxCVz55jmeOWTM=
github.com/urfave/cli/v2 v2.5.0 h1:2sqblaW62ebcTIEvwb8eRvDfNHeBAeKxfhdynaanhug=
github.com/urfave/cli/v2 v2.5.0/go.mod h1:oDzoM7pVwz6wHn5ogWgFUU1s4VJayeQS+aEZDqXIEJs=
github.com/veraison/go-cose v0.0.0-20220425074922-8cef769ef52c h1:ix/10qPlr0+90VVJD5yJGQtL6Dgrl/AxkQuKcWhTcys=
github.com/veraison/go-cose v0.0.0-20220425074922-8cef769ef52c/go.mod h1:7ziE85vSq4ScFTg6wyoMXjucIGOf4JkFEZi/an96Ct4=
github.com/x448/float16 v0.8.4 h1:qLwI1I70+NjRFUR3zs1JPUCgaCXSh3SW62uAKT1mSBM=
github.com/x448/float16 v0.8.4/go.mod h1:14CWIYCyZA/cWjXOioeEpHeN/83MdbZDRQHoFcYsOfg=
